
Microsoft Visual Studio Solution File, Format Version 12.00
# Visual Studio Version 16
VisualStudioVersion = 16.0.32126.315
MinimumVisualStudioVersion = 10.0.40219.1
Project("{FAE04EC0-301F-11D3-BF4B-00C04F79EFBC}") = "Task4", "Task4\Task4.csproj", "{6EE91505-2381-47C5-ADA4-AAA15FB7F53A}"
EndProject
Global
	GlobalSection(SolutionConfigurationPlatforms) = preSolution
		Debug|Any CPU = Debug|Any CPU
		Release|Any CPU = Release|Any CPU
	EndGlobalSection
	GlobalSection(ProjectConfigurationPlatforms) = postSolution
		{6EE91505-2381-47C5-ADA4-AAA15FB7F53A}.Debug|Any CPU.ActiveCfg = Debug|Any CPU
		{6EE91505-2381-47C5-ADA4-AAA15FB7F53A}.Debug|Any CPU.Build.0 = Debug|Any CPU
		{6EE91505-2381-47C5-ADA4-AAA15FB7F53A}.Release|Any CPU.ActiveCfg = Release|Any CPU
		{6EE91505-2381-47C5-ADA4-AAA15FB7F53A}.Release|Any CPU.Build.0 = Release|Any CPU
	EndGlobalSection
	GlobalSection(SolutionProperties) = preSolution
		HideSolutionNode = FALSE
	EndGlobalSection
	GlobalSection(ExtensibilityGlobals) = postSolution
		SolutionGuid = {D9B56382-F408-47D4-9D3F-BF3E7E8D4255}
	EndGlobalSection
EndGlobal
